{
 "script_sha256": "74e320d950388a47b68f0180dcb8413fe107e16801880af0eb481dfdf8ebb3cc",
 "claims_sha256": "242327b6927cffceead6c8e1bdbfed876db0df3c7ae8315460cf6ffe04d12253",
 "spoken_text_sha256": "1684034d1424cac3a24e4b84542d197e77320a4b83675be3145feb32d7f2242f",
 "spoken_chars": 619,
 "approved": "GO for TTS (user, this session)"
}